
Microsoft Visual Studio Solution File, Format Version 12.00
# Visual Studio Version 17
VisualStudioVersion = 17.2.32630.192
MinimumVisualStudioVersion = 10.0.40219.1
Project("{9A19103F-16F7-4668-BE54-9A1E7A4F7556}") = "Advance", "Advance\Advance.csproj", "{AE938BDB-CF53-43AE-94BD-3B2CB70424C6}"
EndProject
Project("{FAE04EC0-301F-11D3-BF4B-00C04F79EFBC}") = "DelegateRealLife", "DelegateRealLife\DelegateRealLife.csproj", "{EAADFC64-DBF4-4DF7-A01F-2D721EC3F784}"
EndProject
Global
	GlobalSection(SolutionConfigurationPlatforms) = preSolution
		Debug|Any CPU = Debug|Any CPU
		Release|Any CPU = Release|Any CPU
	EndGlobalSection
	GlobalSection(ProjectConfigurationPlatforms) = postSolution
		{AE938BDB-CF53-43AE-94BD-3B2CB70424C6}.Debug|Any CPU.ActiveCfg = Debug|Any CPU
		{AE938BDB-CF53-43AE-94BD-3B2CB70424C6}.Debug|Any CPU.Build.0 = Debug|Any CPU
		{AE938BDB-CF53-43AE-94BD-3B2CB70424C6}.Release|Any CPU.ActiveCfg = Release|Any CPU
		{AE938BDB-CF53-43AE-94BD-3B2CB70424C6}.Release|Any CPU.Build.0 = Release|Any CPU
		{EAADFC64-DBF4-4DF7-A01F-2D721EC3F784}.Debug|Any CPU.ActiveCfg = Debug|Any CPU
		{EAADFC64-DBF4-4DF7-A01F-2D721EC3F784}.Debug|Any CPU.Build.0 = Debug|Any CPU
		{EAADFC64-DBF4-4DF7-A01F-2D721EC3F784}.Release|Any CPU.ActiveCfg = Release|Any CPU
		{EAADFC64-DBF4-4DF7-A01F-2D721EC3F784}.Release|Any CPU.Build.0 = Release|Any CPU
	EndGlobalSection
	GlobalSection(SolutionProperties) = preSolution
		HideSolutionNode = FALSE
	EndGlobalSection
	GlobalSection(ExtensibilityGlobals) = postSolution
		SolutionGuid = {D0DA4057-AC69-4854-BF5E-F45AC7A7F24C}
	EndGlobalSection
EndGlobal
